
Microsoft Visual Studio Solution File, Format Version 12.00
# Visual Studio 14
VisualStudioVersion = 14.0.25123.0
MinimumVisualStudioVersion = 10.0.40219.1
Project("{2150E333-8FDC-42A3-9474-1A3956D46DE8}") = "PublishScripts", "PublishScripts", "{4C1FC5E7-7D86-4D4B-83EE-341FFB3FE9AF}"
EndProject
Project("{2150E333-8FDC-42A3-9474-1A3956D46DE8}") = "Scripts", "Scripts", "{30C8A08E-1E91-44C3-8A9C-C8282AB8C13D}"
	ProjectSection(SolutionItems) = preProject
		PublishScripts\Scripts\Deploy-AzureResourceGroup.ps1 = PublishScripts\Scripts\Deploy-AzureResourceGroup.ps1
	EndProjectSection
EndProject
Project("{2150E333-8FDC-42A3-9474-1A3956D46DE8}") = "Templates", "Templates", "{7E9E449D-5430-425E-ADD1-E9FCEA58FDDD}"
	ProjectSection(SolutionItems) = preProject
		PublishScripts\Templates\CardsAgainstHumanityServerWeb.json = PublishScripts\Templates\CardsAgainstHumanityServerWeb.json
		PublishScripts\Templates\CardsAgainstHumanityServerWeb.param.dev.json = PublishScripts\Templates\CardsAgainstHumanityServerWeb.param.dev.json
	EndProjectSection
EndProject
Project("{FAE04EC0-301F-11D3-BF4B-00C04F79EFBC}") = "CardsAgainstHumanity.Server.Logic", "CardsAgainstHumanity.Server.Logic\CardsAgainstHumanity.Server.Logic.csproj", "{01AFD996-B356-4619-8598-7DFF0E8A0E78}"
EndProject
Project("{FAE04EC0-301F-11D3-BF4B-00C04F79EFBC}") = "CardsAgainstHumanity.Server.Data", "CardsAgainstHumanity.Server.Data\CardsAgainstHumanity.Server.Data.csproj", "{1E8D48B6-32A3-448F-AC22-1DA563F03C80}"
EndProject
Project("{FAE04EC0-301F-11D3-BF4B-00C04F79EFBC}") = "CardsAgainstHumanity.Shared", "CardsAgainstHumanity.Shared\CardsAgainstHumanity.Shared.csproj", "{B3C4D109-4FF2-4918-8D13-190A7B04C8D2}"
EndProject
Project("{FAE04EC0-301F-11D3-BF4B-00C04F79EFBC}") = "CardsAgainstHumanity.Server.Api", "CardsAgainstHumanity.Server.Api\CardsAgainstHumanity.Server.Api.csproj", "{78233EBE-1874-499E-A8B9-2633438EA8F7}"
EndProject
Project("{FAE04EC0-301F-11D3-BF4B-00C04F79EFBC}") = "CardsAgainstHumanity.Server.Web", "CardsAgainstHumanity.Server.Web\CardsAgainstHumanity.Server.Web.csproj", "{0D9BF6FA-75F0-4456-B067-ADAD8C4D5DEE}"
EndProject
Project("{FAE04EC0-301F-11D3-BF4B-00C04F79EFBC}") = "CardsAgainstHumanity.Plug", "CardsAgainstHumanity.Plug\CardsAgainstHumanity.Plug.csproj", "{2E286803-8363-44A7-A9B6-580EABC01932}"
EndProject
Project("{FAE04EC0-301F-11D3-BF4B-00C04F79EFBC}") = "CardsAgainstHumanity.App.Droid", "CardsAgainstHumanity.App\CardsAgainstHumanity.App.Droid\CardsAgainstHumanity.App.Droid.csproj", "{54FA95F6-2F45-4B35-925D-E71094E17ACE}"
EndProject
Project("{FAE04EC0-301F-11D3-BF4B-00C04F79EFBC}") = "CardsAgainstHumanity.App.iOS", "CardsAgainstHumanity.App\CardsAgainstHumanity.App.iOS\CardsAgainstHumanity.App.iOS.csproj", "{422B4A56-8038-41B9-A915-4BF73F4D0A86}"
EndProject
Project("{FAE04EC0-301F-11D3-BF4B-00C04F79EFBC}") = "CardsAgainstHumanity.App.WinPhone", "CardsAgainstHumanity.App\CardsAgainstHumanity.App.WinPhone\CardsAgainstHumanity.App.WinPhone.csproj", "{A6618C9D-59A3-45D4-B02F-82849711F88E}"
EndProject
Project("{FAE04EC0-301F-11D3-BF4B-00C04F79EFBC}") = "CardsAgainstHumanity.App.UWP", "CardsAgainstHumanity.App\CardsAgainstHumanity.App.UWP\CardsAgainstHumanity.App.UWP.csproj", "{50B63A65-F896-4CDF-B232-8336E3E5F7F4}"
EndProject
Project("{FAE04EC0-301F-11D3-BF4B-00C04F79EFBC}") = "CardsAgainstHumanity.App.Windows", "CardsAgainstHumanity.App\CardsAgainstHumanity.App.Windows\CardsAgainstHumanity.App.Windows.csproj", "{294A238E-6FED-43DE-9692-39B2C67B3FD5}"
EndProject
Project("{FAE04EC0-301F-11D3-BF4B-00C04F79EFBC}") = "CardsAgainstHumanity.App", "CardsAgainstHumanity.App\CardsAgainstHumanity.App\CardsAgainstHumanity.App.csproj", "{FE8B081E-FAF5-47C5-A557-D4FFEC47BA10}"
EndProject
Global
	GlobalSection(SolutionConfigurationPlatforms) = preSolution
		Ad-Hoc|Any CPU = Ad-Hoc|Any CPU
		Ad-Hoc|ARM = Ad-Hoc|ARM
		Ad-Hoc|iPhone = Ad-Hoc|iPhone
		Ad-Hoc|iPhoneSimulator = Ad-Hoc|iPhoneSimulator
		Ad-Hoc|x64 = Ad-Hoc|x64
		Ad-Hoc|x86 = Ad-Hoc|x86
		AppStore|Any CPU = AppStore|Any CPU
		AppStore|ARM = AppStore|ARM
		AppStore|iPhone = AppStore|iPhone
		AppStore|iPhoneSimulator = AppStore|iPhoneSimulator
		AppStore|x64 = AppStore|x64
		AppStore|x86 = AppStore|x86
		Debug|Any CPU = Debug|Any CPU
		Debug|ARM = Debug|ARM
		Debug|iPhone = Debug|iPhone
		Debug|iPhoneSimulator = Debug|iPhoneSimulator
		Debug|x64 = Debug|x64
		Debug|x86 = Debug|x86
		Release|Any CPU = Release|Any CPU
		Release|ARM = Release|ARM
		Release|iPhone = Release|iPhone
		Release|iPhoneSimulator = Release|iPhoneSimulator
		Release|x64 = Release|x64
		Release|x86 = Release|x86
	EndGlobalSection
	GlobalSection(ProjectConfigurationPlatforms) = postSolution
		{01AFD996-B356-4619-8598-7DFF0E8A0E78}.Ad-Hoc|Any CPU.ActiveCfg = Release|Any CPU
		{01AFD996-B356-4619-8598-7DFF0E8A0E78}.Ad-Hoc|Any CPU.Build.0 = Release|Any CPU
		{01AFD996-B356-4619-8598-7DFF0E8A0E78}.Ad-Hoc|ARM.ActiveCfg = Release|Any CPU
		{01AFD996-B356-4619-8598-7DFF0E8A0E78}.Ad-Hoc|ARM.Build.0 = Release|Any CPU
		{01AFD996-B356-4619-8598-7DFF0E8A0E78}.Ad-Hoc|iPhone.ActiveCfg = Release|Any CPU
		{01AFD996-B356-4619-8598-7DFF0E8A0E78}.Ad-Hoc|iPhone.Build.0 = Release|Any CPU
		{01AFD996-B356-4619-8598-7DFF0E8A0E78}.Ad-Hoc|iPhoneSimulator.ActiveCfg = Release|Any CPU
		{01AFD996-B356-4619-8598-7DFF0E8A0E78}.Ad-Hoc|iPhoneSimulator.Build.0 = Release|Any CPU
		{01AFD996-B356-4619-8598-7DFF0E8A0E78}.Ad-Hoc|x64.ActiveCfg = Release|Any CPU
		{01AFD996-B356-4619-8598-7DFF0E8A0E78}.Ad-Hoc|x64.Build.0 = Release|Any CPU
		{01AFD996-B356-4619-8598-7DFF0E8A0E78}.Ad-Hoc|x86.ActiveCfg = Release|Any CPU
		{01AFD996-B356-4619-8598-7DFF0E8A0E78}.Ad-Hoc|x86.Build.0 = Release|Any CPU
		{01AFD996-B356-4619-8598-7DFF0E8A0E78}.AppStore|Any CPU.ActiveCfg = Release|Any CPU
		{01AFD996-B356-4619-8598-7DFF0E8A0E78}.AppStore|Any CPU.Build.0 = Release|Any CPU
		{01AFD996-B356-4619-8598-7DFF0E8A0E78}.AppStore|ARM.ActiveCfg = Release|Any CPU
		{01AFD996-B356-4619-8598-7DFF0E8A0E78}.AppStore|ARM.Build.0 = Release|Any CPU
		{01AFD996-B356-4619-8598-7DFF0E8A0E78}.AppStore|iPhone.ActiveCfg = Release|Any CPU
		{01AFD996-B356-4619-8598-7DFF0E8A0E78}.AppStore|iPhone.Build.0 = Release|Any CPU
		{01AFD996-B356-4619-8598-7DFF0E8A0E78}.AppStore|iPhoneSimulator.ActiveCfg = Release|Any CPU
		{01AFD996-B356-4619-8598-7DFF0E8A0E78}.AppStore|iPhoneSimulator.Build.0 = Release|Any CPU
		{01AFD996-B356-4619-8598-7DFF0E8A0E78}.AppStore|x64.ActiveCfg = Release|Any CPU
		{01AFD996-B356-4619-8598-7DFF0E8A0E78}.AppStore|x64.Build.0 = Release|Any CPU
		{01AFD996-B356-4619-8598-7DFF0E8A0E78}.AppStore|x86.ActiveCfg = Release|Any CPU
		{01AFD996-B356-4619-8598-7DFF0E8A0E78}.AppStore|x86.Build.0 = Release|Any CPU
		{01AFD996-B356-4619-8598-7DFF0E8A0E78}.Debug|Any CPU.ActiveCfg = Debug|Any CPU
		{01AFD996-B356-4619-8598-7DFF0E8A0E78}.Debug|Any CPU.Build.0 = Debug|Any CPU
		{01AFD996-B356-4619-8598-7DFF0E8A0E78}.Debug|ARM.ActiveCfg = Debug|Any CPU
		{01AFD996-B356-4619-8598-7DFF0E8A0E78}.Debug|ARM.Build.0 = Debug|Any CPU
		{01AFD996-B356-4619-8598-7DFF0E8A0E78}.Debug|iPhone.ActiveCfg = Debug|Any CPU
		{01AFD996-B356-4619-8598-7DFF0E8A0E78}.Debug|iPhone.Build.0 = Debug|Any CPU
		{01AFD996-B356-4619-8598-7DFF0E8A0E78}.Debug|iPhoneSimulator.ActiveCfg = Debug|Any CPU
		{01AFD996-B356-4619-8598-7DFF0E8A0E78}.Debug|iPhoneSimulator.Build.0 = Debug|Any CPU
		{01AFD996-B356-4619-8598-7DFF0E8A0E78}.Debug|x64.ActiveCfg = Debug|Any CPU
		{01AFD996-B356-4619-8598-7DFF0E8A0E78}.Debug|x64.Build.0 = Debug|Any CPU
		{01AFD996-B356-4619-8598-7DFF0E8A0E78}.Debug|x86.ActiveCfg = Debug|Any CPU
		{01AFD996-B356-4619-8598-7DFF0E8A0E78}.Debug|x86.Build.0 = Debug|Any CPU
		{01AFD996-B356-4619-8598-7DFF0E8A0E78}.Release|Any CPU.ActiveCfg = Release|Any CPU
		{01AFD996-B356-4619-8598-7DFF0E8A0E78}.Release|Any CPU.Build.0 = Release|Any CPU
		{01AFD996-B356-4619-8598-7DFF0E8A0E78}.Release|ARM.ActiveCfg = Release|Any CPU
		{01AFD996-B356-4619-8598-7DFF0E8A0E78}.Release|ARM.Build.0 = Release|Any CPU
		{01AFD996-B356-4619-8598-7DFF0E8A0E78}.Release|iPhone.ActiveCfg = Release|Any CPU
		{01AFD996-B356-4619-8598-7DFF0E8A0E78}.Release|iPhone.Build.0 = Release|Any CPU
		{01AFD996-B356-4619-8598-7DFF0E8A0E78}.Release|iPhoneSimulator.ActiveCfg = Release|Any CPU
		{01AFD996-B356-4619-8598-7DFF0E8A0E78}.Release|iPhoneSimulator.Build.0 = Release|Any CPU
		{01AFD996-B356-4619-8598-7DFF0E8A0E78}.Release|x64.ActiveCfg = Release|Any CPU
		{01AFD996-B356-4619-8598-7DFF0E8A0E78}.Release|x64.Build.0 = Release|Any CPU
		{01AFD996-B356-4619-8598-7DFF0E8A0E78}.Release|x86.ActiveCfg = Release|Any CPU
		{01AFD996-B356-4619-8598-7DFF0E8A0E78}.Release|x86.Build.0 = Release|Any CPU
		{1E8D48B6-32A3-448F-AC22-1DA563F03C80}.Ad-Hoc|Any CPU.ActiveCfg = Release|Any CPU
		{1E8D48B6-32A3-448F-AC22-1DA563F03C80}.Ad-Hoc|Any CPU.Build.0 = Release|Any CPU
		{1E8D48B6-32A3-448F-AC22-1DA563F03C80}.Ad-Hoc|ARM.ActiveCfg = Release|Any CPU
		{1E8D48B6-32A3-448F-AC22-1DA563F03C80}.Ad-Hoc|ARM.Build.0 = Release|Any CPU
		{1E8D48B6-32A3-448F-AC22-1DA563F03C80}.Ad-Hoc|iPhone.ActiveCfg = Release|Any CPU
		{1E8D48B6-32A3-448F-AC22-1DA563F03C80}.Ad-Hoc|iPhone.Build.0 = Release|Any CPU
		{1E8D48B6-32A3-448F-AC22-1DA563F03C80}.Ad-Hoc|iPhoneSimulator.ActiveCfg = Release|Any CPU
		{1E8D48B6-32A3-448F-AC22-1DA563F03C80}.Ad-Hoc|iPhoneSimulator.Build.0 = Release|Any CPU
		{1E8D48B6-32A3-448F-AC22-1DA563F03C80}.Ad-Hoc|x64.ActiveCfg = Release|Any CPU
		{1E8D48B6-32A3-448F-AC22-1DA563F03C80}.Ad-Hoc|x64.Build.0 = Release|Any CPU
		{1E8D48B6-32A3-448F-AC22-1DA563F03C80}.Ad-Hoc|x86.ActiveCfg = Release|Any CPU
		{1E8D48B6-32A3-448F-AC22-1DA563F03C80}.Ad-Hoc|x86.Build.0 = Release|Any CPU
		{1E8D48B6-32A3-448F-AC22-1DA563F03C80}.AppStore|Any CPU.ActiveCfg = Release|Any CPU
		{1E8D48B6-32A3-448F-AC22-1DA563F03C80}.AppStore|Any CPU.Build.0 = Release|Any CPU
		{1E8D48B6-32A3-448F-AC22-1DA563F03C80}.AppStore|ARM.ActiveCfg = Release|Any CPU
		{1E8D48B6-32A3-448F-AC22-1DA563F03C80}.AppStore|ARM.Build.0 = Release|Any CPU
		{1E8D48B6-32A3-448F-AC22-1DA563F03C80}.AppStore|iPhone.ActiveCfg = Release|Any CPU
		{1E8D48B6-32A3-448F-AC22-1DA563F03C80}.AppStore|iPhone.Build.0 = Release|Any CPU
		{1E8D48B6-32A3-448F-AC22-1DA563F03C80}.AppStore|iPhoneSimulator.ActiveCfg = Release|Any CPU
		{1E8D48B6-32A3-448F-AC22-1DA563F03C80}.AppStore|iPhoneSimulator.Build.0 = Release|Any CPU
		{1E8D48B6-32A3-448F-AC22-1DA563F03C80}.AppStore|x64.ActiveCfg = Release|Any CPU
		{1E8D48B6-32A3-448F-AC22-1DA563F03C80}.AppStore|x64.Build.0 = Release|Any CPU
		{1E8D48B6-32A3-448F-AC22-1DA563F03C80}.AppStore|x86.ActiveCfg = Release|Any CPU
		{1E8D48B6-32A3-448F-AC22-1DA563F03C80}.AppStore|x86.Build.0 = Release|Any CPU
		{1E8D48B6-32A3-448F-AC22-1DA563F03C80}.Debug|Any CPU.ActiveCfg = Debug|Any CPU
		{1E8D48B6-32A3-448F-AC22-1DA563F03C80}.Debug|Any CPU.Build.0 = Debug|Any CPU
		{1E8D48B6-32A3-448F-AC22-1DA563F03C80}.Debug|ARM.ActiveCfg = Debug|Any CPU
		{1E8D48B6-32A3-448F-AC22-1DA563F03C80}.Debug|ARM.Build.0 = Debug|Any CPU
		{1E8D48B6-32A3-448F-AC22-1DA563F03C80}.Debug|iPhone.ActiveCfg = Debug|Any CPU
		{1E8D48B6-32A3-448F-AC22-1DA563F03C80}.Debug|iPhone.Build.0 = Debug|Any CPU
		{1E8D48B6-32A3-448F-AC22-1DA563F03C80}.Debug|iPhoneSimulator.ActiveCfg = Debug|Any CPU
		{1E8D48B6-32A3-448F-AC22-1DA563F03C80}.Debug|iPhoneSimulator.Build.0 = Debug|Any CPU
		{1E8D48B6-32A3-448F-AC22-1DA563F03C80}.Debug|x64.ActiveCfg = Debug|Any CPU
		{1E8D48B6-32A3-448F-AC22-1DA563F03C80}.Debug|x64.Build.0 = Debug|Any CPU
		{1E8D48B6-32A3-448F-AC22-1DA563F03C80}.Debug|x86.ActiveCfg = Debug|Any CPU
		{1E8D48B6-32A3-448F-AC22-1DA563F03C80}.Debug|x86.Build.0 = Debug|Any CPU
		{1E8D48B6-32A3-448F-AC22-1DA563F03C80}.Release|Any CPU.ActiveCfg = Release|Any CPU
		{1E8D48B6-32A3-448F-AC22-1DA563F03C80}.Release|Any CPU.Build.0 = Release|Any CPU
		{1E8D48B6-32A3-448F-AC22-1DA563F03C80}.Release|ARM.ActiveCfg = Release|Any CPU
		{1E8D48B6-32A3-448F-AC22-1DA563F03C80}.Release|ARM.Build.0 = Release|Any CPU
		{1E8D48B6-32A3-448F-AC22-1DA563F03C80}.Release|iPhone.ActiveCfg = Release|Any CPU
		{1E8D48B6-32A3-448F-AC22-1DA563F03C80}.Release|iPhone.Build.0 = Release|Any CPU
		{1E8D48B6-32A3-448F-AC22-1DA563F03C80}.Release|iPhoneSimulator.ActiveCfg = Release|Any CPU
		{1E8D48B6-32A3-448F-AC22-1DA563F03C80}.Release|iPhoneSimulator.Build.0 = Release|Any CPU
		{1E8D48B6-32A3-448F-AC22-1DA563F03C80}.Release|x64.ActiveCfg = Release|Any CPU
		{1E8D48B6-32A3-448F-AC22-1DA563F03C80}.Release|x64.Build.0 = Release|Any CPU
		{1E8D48B6-32A3-448F-AC22-1DA563F03C80}.Release|x86.ActiveCfg = Release|Any CPU
		{1E8D48B6-32A3-448F-AC22-1DA563F03C80}.Release|x86.Build.0 = Release|Any CPU
		{B3C4D109-4FF2-4918-8D13-190A7B04C8D2}.Ad-Hoc|Any CPU.ActiveCfg = Release|Any CPU
		{B3C4D109-4FF2-4918-8D13-190A7B04C8D2}.Ad-Hoc|Any CPU.Build.0 = Release|Any CPU
		{B3C4D109-4FF2-4918-8D13-190A7B04C8D2}.Ad-Hoc|ARM.ActiveCfg = Release|Any CPU
		{B3C4D109-4FF2-4918-8D13-190A7B04C8D2}.Ad-Hoc|ARM.Build.0 = Release|Any CPU
		{B3C4D109-4FF2-4918-8D13-190A7B04C8D2}.Ad-Hoc|iPhone.ActiveCfg = Release|Any CPU
		{B3C4D109-4FF2-4918-8D13-190A7B04C8D2}.Ad-Hoc|iPhone.Build.0 = Release|Any CPU
		{B3C4D109-4FF2-4918-8D13-190A7B04C8D2}.Ad-Hoc|iPhoneSimulator.ActiveCfg = Release|Any CPU
		{B3C4D109-4FF2-4918-8D13-190A7B04C8D2}.Ad-Hoc|iPhoneSimulator.Build.0 = Release|Any CPU
		{B3C4D109-4FF2-4918-8D13-190A7B04C8D2}.Ad-Hoc|x64.ActiveCfg = Release|Any CPU
		{B3C4D109-4FF2-4918-8D13-190A7B04C8D2}.Ad-Hoc|x64.Build.0 = Release|Any CPU
		{B3C4D109-4FF2-4918-8D13-190A7B04C8D2}.Ad-Hoc|x86.ActiveCfg = Release|Any CPU
		{B3C4D109-4FF2-4918-8D13-190A7B04C8D2}.Ad-Hoc|x86.Build.0 = Release|Any CPU
		{B3C4D109-4FF2-4918-8D13-190A7B04C8D2}.AppStore|Any CPU.ActiveCfg = Release|Any CPU
		{B3C4D109-4FF2-4918-8D13-190A7B04C8D2}.AppStore|Any CPU.Build.0 = Release|Any CPU
		{B3C4D109-4FF2-4918-8D13-190A7B04C8D2}.AppStore|ARM.ActiveCfg = Release|Any CPU
		{B3C4D109-4FF2-4918-8D13-190A7B04C8D2}.AppStore|ARM.Build.0 = Release|Any CPU
		{B3C4D109-4FF2-4918-8D13-190A7B04C8D2}.AppStore|iPhone.ActiveCfg = Release|Any CPU
		{B3C4D109-4FF2-4918-8D13-190A7B04C8D2}.AppStore|iPhone.Build.0 = Release|Any CPU
		{B3C4D109-4FF2-4918-8D13-190A7B04C8D2}.AppStore|iPhoneSimulator.ActiveCfg = Release|Any CPU
		{B3C4D109-4FF2-4918-8D13-190A7B04C8D2}.AppStore|iPhoneSimulator.Build.0 = Release|Any CPU
		{B3C4D109-4FF2-4918-8D13-190A7B04C8D2}.AppStore|x64.ActiveCfg = Release|Any CPU
		{B3C4D109-4FF2-4918-8D13-190A7B04C8D2}.AppStore|x64.Build.0 = Release|Any CPU
		{B3C4D109-4FF2-4918-8D13-190A7B04C8D2}.AppStore|x86.ActiveCfg = Release|Any CPU
		{B3C4D109-4FF2-4918-8D13-190A7B04C8D2}.AppStore|x86.Build.0 = Release|Any CPU
		{B3C4D109-4FF2-4918-8D13-190A7B04C8D2}.Debug|Any CPU.ActiveCfg = Debug|Any CPU
		{B3C4D109-4FF2-4918-8D13-190A7B04C8D2}.Debug|Any CPU.Build.0 = Debug|Any CPU
		{B3C4D109-4FF2-4918-8D13-190A7B04C8D2}.Debug|ARM.ActiveCfg = Debug|Any CPU
		{B3C4D109-4FF2-4918-8D13-190A7B04C8D2}.Debug|ARM.Build.0 = Debug|Any CPU
		{B3C4D109-4FF2-4918-8D13-190A7B04C8D2}.Debug|iPhone.ActiveCfg = Debug|Any CPU
		{B3C4D109-4FF2-4918-8D13-190A7B04C8D2}.Debug|iPhone.Build.0 = Debug|Any CPU
		{B3C4D109-4FF2-4918-8D13-190A7B04C8D2}.Debug|iPhoneSimulator.ActiveCfg = Debug|Any CPU
		{B3C4D109-4FF2-4918-8D13-190A7B04C8D2}.Debug|iPhoneSimulator.Build.0 = Debug|Any CPU
		{B3C4D109-4FF2-4918-8D13-190A7B04C8D2}.Debug|x64.ActiveCfg = Debug|Any CPU
		{B3C4D109-4FF2-4918-8D13-190A7B04C8D2}.Debug|x64.Build.0 = Debug|Any CPU
		{B3C4D109-4FF2-4918-8D13-190A7B04C8D2}.Debug|x86.ActiveCfg = Debug|Any CPU
		{B3C4D109-4FF2-4918-8D13-190A7B04C8D2}.Debug|x86.Build.0 = Debug|Any CPU
		{B3C4D109-4FF2-4918-8D13-190A7B04C8D2}.Release|Any CPU.ActiveCfg = Release|Any CPU
		{B3C4D109-4FF2-4918-8D13-190A7B04C8D2}.Release|Any CPU.Build.0 = Release|Any CPU
		{B3C4D109-4FF2-4918-8D13-190A7B04C8D2}.Release|ARM.ActiveCfg = Release|Any CPU
		{B3C4D109-4FF2-4918-8D13-190A7B04C8D2}.Release|ARM.Build.0 = Release|Any CPU
		{B3C4D109-4FF2-4918-8D13-190A7B04C8D2}.Release|iPhone.ActiveCfg = Release|Any CPU
		{B3C4D109-4FF2-4918-8D13-190A7B04C8D2}.Release|iPhone.Build.0 = Release|Any CPU
		{B3C4D109-4FF2-4918-8D13-190A7B04C8D2}.Release|iPhoneSimulator.ActiveCfg = Release|Any CPU
		{B3C4D109-4FF2-4918-8D13-190A7B04C8D2}.Release|iPhoneSimulator.Build.0 = Release|Any CPU
		{B3C4D109-4FF2-4918-8D13-190A7B04C8D2}.Release|x64.ActiveCfg = Release|Any CPU
		{B3C4D109-4FF2-4918-8D13-190A7B04C8D2}.Release|x64.Build.0 = Release|Any CPU
		{B3C4D109-4FF2-4918-8D13-190A7B04C8D2}.Release|x86.ActiveCfg = Release|Any CPU
		{B3C4D109-4FF2-4918-8D13-190A7B04C8D2}.Release|x86.Build.0 = Release|Any CPU
		{78233EBE-1874-499E-A8B9-2633438EA8F7}.Ad-Hoc|Any CPU.ActiveCfg = Release|Any CPU
		{78233EBE-1874-499E-A8B9-2633438EA8F7}.Ad-Hoc|Any CPU.Build.0 = Release|Any CPU
		{78233EBE-1874-499E-A8B9-2633438EA8F7}.Ad-Hoc|ARM.ActiveCfg = Release|Any CPU
		{78233EBE-1874-499E-A8B9-2633438EA8F7}.Ad-Hoc|ARM.Build.0 = Release|Any CPU
		{78233EBE-1874-499E-A8B9-2633438EA8F7}.Ad-Hoc|iPhone.ActiveCfg = Release|Any CPU
		{78233EBE-1874-499E-A8B9-2633438EA8F7}.Ad-Hoc|iPhone.Build.0 = Release|Any CPU
		{78233EBE-1874-499E-A8B9-2633438EA8F7}.Ad-Hoc|iPhoneSimulator.ActiveCfg = Release|Any CPU
		{78233EBE-1874-499E-A8B9-2633438EA8F7}.Ad-Hoc|iPhoneSimulator.Build.0 = Release|Any CPU
		{78233EBE-1874-499E-A8B9-2633438EA8F7}.Ad-Hoc|x64.ActiveCfg = Release|Any CPU
		{78233EBE-1874-499E-A8B9-2633438EA8F7}.Ad-Hoc|x64.Build.0 = Release|Any CPU
		{78233EBE-1874-499E-A8B9-2633438EA8F7}.Ad-Hoc|x86.ActiveCfg = Release|Any CPU
		{78233EBE-1874-499E-A8B9-2633438EA8F7}.Ad-Hoc|x86.Build.0 = Release|Any CPU
		{78233EBE-1874-499E-A8B9-2633438EA8F7}.AppStore|Any CPU.ActiveCfg = Release|Any CPU
		{78233EBE-1874-499E-A8B9-2633438EA8F7}.AppStore|Any CPU.Build.0 = Release|Any CPU
		{78233EBE-1874-499E-A8B9-2633438EA8F7}.AppStore|ARM.ActiveCfg = Release|Any CPU
		{78233EBE-1874-499E-A8B9-2633438EA8F7}.AppStore|ARM.Build.0 = Release|Any CPU
		{78233EBE-1874-499E-A8B9-2633438EA8F7}.AppStore|iPhone.ActiveCfg = Release|Any CPU
		{78233EBE-1874-499E-A8B9-2633438EA8F7}.AppStore|iPhone.Build.0 = Release|Any CPU
		{78233EBE-1874-499E-A8B9-2633438EA8F7}.AppStore|iPhoneSimulator.ActiveCfg = Release|Any CPU
		{78233EBE-1874-499E-A8B9-2633438EA8F7}.AppStore|iPhoneSimulator.Build.0 = Release|Any CPU
		{78233EBE-1874-499E-A8B9-2633438EA8F7}.AppStore|x64.ActiveCfg = Release|Any CPU
		{78233EBE-1874-499E-A8B9-2633438EA8F7}.AppStore|x64.Build.0 = Release|Any CPU
		{78233EBE-1874-499E-A8B9-2633438EA8F7}.AppStore|x86.ActiveCfg = Release|Any CPU
		{78233EBE-1874-499E-A8B9-2633438EA8F7}.AppStore|x86.Build.0 = Release|Any CPU
		{78233EBE-1874-499E-A8B9-2633438EA8F7}.Debug|Any CPU.ActiveCfg = Debug|Any CPU
		{78233EBE-1874-499E-A8B9-2633438EA8F7}.Debug|Any CPU.Build.0 = Debug|Any CPU
		{78233EBE-1874-499E-A8B9-2633438EA8F7}.Debug|ARM.ActiveCfg = Debug|Any CPU
		{78233EBE-1874-499E-A8B9-2633438EA8F7}.Debug|ARM.Build.0 = Debug|Any CPU
		{78233EBE-1874-499E-A8B9-2633438EA8F7}.Debug|iPhone.ActiveCfg = Debug|Any CPU
		{78233EBE-1874-499E-A8B9-2633438EA8F7}.Debug|iPhone.Build.0 = Debug|Any CPU
		{78233EBE-1874-499E-A8B9-2633438EA8F7}.Debug|iPhoneSimulator.ActiveCfg = Debug|Any CPU
		{78233EBE-1874-499E-A8B9-2633438EA8F7}.Debug|iPhoneSimulator.Build.0 = Debug|Any CPU
		{78233EBE-1874-499E-A8B9-2633438EA8F7}.Debug|x64.ActiveCfg = Debug|Any CPU
		{78233EBE-1874-499E-A8B9-2633438EA8F7}.Debug|x64.Build.0 = Debug|Any CPU
		{78233EBE-1874-499E-A8B9-2633438EA8F7}.Debug|x86.ActiveCfg = Debug|Any CPU
		{78233EBE-1874-499E-A8B9-2633438EA8F7}.Debug|x86.Build.0 = Debug|Any CPU
		{78233EBE-1874-499E-A8B9-2633438EA8F7}.Release|Any CPU.ActiveCfg = Release|Any CPU
		{78233EBE-1874-499E-A8B9-2633438EA8F7}.Release|Any CPU.Build.0 = Release|Any CPU
		{78233EBE-1874-499E-A8B9-2633438EA8F7}.Release|ARM.ActiveCfg = Release|Any CPU
		{78233EBE-1874-499E-A8B9-2633438EA8F7}.Release|ARM.Build.0 = Release|Any CPU
		{78233EBE-1874-499E-A8B9-2633438EA8F7}.Release|iPhone.ActiveCfg = Release|Any CPU
		{78233EBE-1874-499E-A8B9-2633438EA8F7}.Release|iPhone.Build.0 = Release|Any CPU
		{78233EBE-1874-499E-A8B9-2633438EA8F7}.Release|iPhoneSimulator.ActiveCfg = Release|Any CPU
		{78233EBE-1874-499E-A8B9-2633438EA8F7}.Release|iPhoneSimulator.Build.0 = Release|Any CPU
		{78233EBE-1874-499E-A8B9-2633438EA8F7}.Release|x64.ActiveCfg = Release|Any CPU
		{78233EBE-1874-499E-A8B9-2633438EA8F7}.Release|x64.Build.0 = Release|Any CPU
		{78233EBE-1874-499E-A8B9-2633438EA8F7}.Release|x86.ActiveCfg = Release|Any CPU
		{78233EBE-1874-499E-A8B9-2633438EA8F7}.Release|x86.Build.0 = Release|Any CPU
		{0D9BF6FA-75F0-4456-B067-ADAD8C4D5DEE}.Ad-Hoc|Any CPU.ActiveCfg = Release|Any CPU
		{0D9BF6FA-75F0-4456-B067-ADAD8C4D5DEE}.Ad-Hoc|Any CPU.Build.0 = Release|Any CPU
		{0D9BF6FA-75F0-4456-B067-ADAD8C4D5DEE}.Ad-Hoc|ARM.ActiveCfg = Release|Any CPU
		{0D9BF6FA-75F0-4456-B067-ADAD8C4D5DEE}.Ad-Hoc|ARM.Build.0 = Release|Any CPU
		{0D9BF6FA-75F0-4456-B067-ADAD8C4D5DEE}.Ad-Hoc|iPhone.ActiveCfg = Release|Any CPU
		{0D9BF6FA-75F0-4456-B067-ADAD8C4D5DEE}.Ad-Hoc|iPhone.Build.0 = Release|Any CPU
		{0D9BF6FA-75F0-4456-B067-ADAD8C4D5DEE}.Ad-Hoc|iPhoneSimulator.ActiveCfg = Release|Any CPU
		{0D9BF6FA-75F0-4456-B067-ADAD8C4D5DEE}.Ad-Hoc|iPhoneSimulator.Build.0 = Release|Any CPU
		{0D9BF6FA-75F0-4456-B067-ADAD8C4D5DEE}.Ad-Hoc|x64.ActiveCfg = Release|Any CPU
		{0D9BF6FA-75F0-4456-B067-ADAD8C4D5DEE}.Ad-Hoc|x64.Build.0 = Release|Any CPU
		{0D9BF6FA-75F0-4456-B067-ADAD8C4D5DEE}.Ad-Hoc|x86.ActiveCfg = Release|Any CPU
		{0D9BF6FA-75F0-4456-B067-ADAD8C4D5DEE}.Ad-Hoc|x86.Build.0 = Release|Any CPU
		{0D9BF6FA-75F0-4456-B067-ADAD8C4D5DEE}.AppStore|Any CPU.ActiveCfg = Release|Any CPU
		{0D9BF6FA-75F0-4456-B067-ADAD8C4D5DEE}.AppStore|Any CPU.Build.0 = Release|Any CPU
		{0D9BF6FA-75F0-4456-B067-ADAD8C4D5DEE}.AppStore|ARM.ActiveCfg = Release|Any CPU
		{0D9BF6FA-75F0-4456-B067-ADAD8C4D5DEE}.AppStore|ARM.Build.0 = Release|Any CPU
		{0D9BF6FA-75F0-4456-B067-ADAD8C4D5DEE}.AppStore|iPhone.ActiveCfg = Release|Any CPU
		{0D9BF6FA-75F0-4456-B067-ADAD8C4D5DEE}.AppStore|iPhone.Build.0 = Release|Any CPU
		{0D9BF6FA-75F0-4456-B067-ADAD8C4D5DEE}.AppStore|iPhoneSimulator.ActiveCfg = Release|Any CPU
		{0D9BF6FA-75F0-4456-B067-ADAD8C4D5DEE}.AppStore|iPhoneSimulator.Build.0 = Release|Any CPU
		{0D9BF6FA-75F0-4456-B067-ADAD8C4D5DEE}.AppStore|x64.ActiveCfg = Release|Any CPU
		{0D9BF6FA-75F0-4456-B067-ADAD8C4D5DEE}.AppStore|x64.Build.0 = Release|Any CPU
		{0D9BF6FA-75F0-4456-B067-ADAD8C4D5DEE}.AppStore|x86.ActiveCfg = Release|Any CPU
		{0D9BF6FA-75F0-4456-B067-ADAD8C4D5DEE}.AppStore|x86.Build.0 = Release|Any CPU
		{0D9BF6FA-75F0-4456-B067-ADAD8C4D5DEE}.Debug|Any CPU.ActiveCfg = Debug|Any CPU
		{0D9BF6FA-75F0-4456-B067-ADAD8C4D5DEE}.Debug|Any CPU.Build.0 = Debug|Any CPU
		{0D9BF6FA-75F0-4456-B067-ADAD8C4D5DEE}.Debug|ARM.ActiveCfg = Debug|Any CPU
		{0D9BF6FA-75F0-4456-B067-ADAD8C4D5DEE}.Debug|ARM.Build.0 = Debug|Any CPU
		{0D9BF6FA-75F0-4456-B067-ADAD8C4D5DEE}.Debug|iPhone.ActiveCfg = Debug|Any CPU
		{0D9BF6FA-75F0-4456-B067-ADAD8C4D5DEE}.Debug|iPhone.Build.0 = Debug|Any CPU
		{0D9BF6FA-75F0-4456-B067-ADAD8C4D5DEE}.Debug|iPhoneSimulator.ActiveCfg = Debug|Any CPU
		{0D9BF6FA-75F0-4456-B067-ADAD8C4D5DEE}.Debug|iPhoneSimulator.Build.0 = Debug|Any CPU
		{0D9BF6FA-75F0-4456-B067-ADAD8C4D5DEE}.Debug|x64.ActiveCfg = Debug|Any CPU
		{0D9BF6FA-75F0-4456-B067-ADAD8C4D5DEE}.Debug|x64.Build.0 = Debug|Any CPU
		{0D9BF6FA-75F0-4456-B067-ADAD8C4D5DEE}.Debug|x86.ActiveCfg = Debug|Any CPU
		{0D9BF6FA-75F0-4456-B067-ADAD8C4D5DEE}.Debug|x86.Build.0 = Debug|Any CPU
		{0D9BF6FA-75F0-4456-B067-ADAD8C4D5DEE}.Release|Any CPU.ActiveCfg = Release|Any CPU
		{0D9BF6FA-75F0-4456-B067-ADAD8C4D5DEE}.Release|Any CPU.Build.0 = Release|Any CPU
		{0D9BF6FA-75F0-4456-B067-ADAD8C4D5DEE}.Release|ARM.ActiveCfg = Release|Any CPU
		{0D9BF6FA-75F0-4456-B067-ADAD8C4D5DEE}.Release|ARM.Build.0 = Release|Any CPU
		{0D9BF6FA-75F0-4456-B067-ADAD8C4D5DEE}.Release|iPhone.ActiveCfg = Release|Any CPU
		{0D9BF6FA-75F0-4456-B067-ADAD8C4D5DEE}.Release|iPhone.Build.0 = Release|Any CPU
		{0D9BF6FA-75F0-4456-B067-ADAD8C4D5DEE}.Release|iPhoneSimulator.ActiveCfg = Release|Any CPU
		{0D9BF6FA-75F0-4456-B067-ADAD8C4D5DEE}.Release|iPhoneSimulator.Build.0 = Release|Any CPU
		{0D9BF6FA-75F0-4456-B067-ADAD8C4D5DEE}.Release|x64.ActiveCfg = Release|Any CPU
		{0D9BF6FA-75F0-4456-B067-ADAD8C4D5DEE}.Release|x64.Build.0 = Release|Any CPU
		{0D9BF6FA-75F0-4456-B067-ADAD8C4D5DEE}.Release|x86.ActiveCfg = Release|Any CPU
		{0D9BF6FA-75F0-4456-B067-ADAD8C4D5DEE}.Release|x86.Build.0 = Release|Any CPU
		{2E286803-8363-44A7-A9B6-580EABC01932}.Ad-Hoc|Any CPU.ActiveCfg = Release|Any CPU
		{2E286803-8363-44A7-A9B6-580EABC01932}.Ad-Hoc|Any CPU.Build.0 = Release|Any CPU
		{2E286803-8363-44A7-A9B6-580EABC01932}.Ad-Hoc|ARM.ActiveCfg = Release|Any CPU
		{2E286803-8363-44A7-A9B6-580EABC01932}.Ad-Hoc|ARM.Build.0 = Release|Any CPU
		{2E286803-8363-44A7-A9B6-580EABC01932}.Ad-Hoc|iPhone.ActiveCfg = Release|Any CPU
		{2E286803-8363-44A7-A9B6-580EABC01932}.Ad-Hoc|iPhone.Build.0 = Release|Any CPU
		{2E286803-8363-44A7-A9B6-580EABC01932}.Ad-Hoc|iPhoneSimulator.ActiveCfg = Release|Any CPU
		{2E286803-8363-44A7-A9B6-580EABC01932}.Ad-Hoc|iPhoneSimulator.Build.0 = Release|Any CPU
		{2E286803-8363-44A7-A9B6-580EABC01932}.Ad-Hoc|x64.ActiveCfg = Release|Any CPU
		{2E286803-8363-44A7-A9B6-580EABC01932}.Ad-Hoc|x64.Build.0 = Release|Any CPU
		{2E286803-8363-44A7-A9B6-580EABC01932}.Ad-Hoc|x86.ActiveCfg = Release|Any CPU
		{2E286803-8363-44A7-A9B6-580EABC01932}.Ad-Hoc|x86.Build.0 = Release|Any CPU
		{2E286803-8363-44A7-A9B6-580EABC01932}.AppStore|Any CPU.ActiveCfg = Release|Any CPU
		{2E286803-8363-44A7-A9B6-580EABC01932}.AppStore|Any CPU.Build.0 = Release|Any CPU
		{2E286803-8363-44A7-A9B6-580EABC01932}.AppStore|ARM.ActiveCfg = Release|Any CPU
		{2E286803-8363-44A7-A9B6-580EABC01932}.AppStore|ARM.Build.0 = Release|Any CPU
		{2E286803-8363-44A7-A9B6-580EABC01932}.AppStore|iPhone.ActiveCfg = Release|Any CPU
		{2E286803-8363-44A7-A9B6-580EABC01932}.AppStore|iPhone.Build.0 = Release|Any CPU
		{2E286803-8363-44A7-A9B6-580EABC01932}.AppStore|iPhoneSimulator.ActiveCfg = Release|Any CPU
		{2E286803-8363-44A7-A9B6-580EABC01932}.AppStore|iPhoneSimulator.Build.0 = Release|Any CPU
		{2E286803-8363-44A7-A9B6-580EABC01932}.AppStore|x64.ActiveCfg = Release|Any CPU
		{2E286803-8363-44A7-A9B6-580EABC01932}.AppStore|x64.Build.0 = Release|Any CPU
		{2E286803-8363-44A7-A9B6-580EABC01932}.AppStore|x86.ActiveCfg = Release|Any CPU
		{2E286803-8363-44A7-A9B6-580EABC01932}.AppStore|x86.Build.0 = Release|Any CPU
		{2E286803-8363-44A7-A9B6-580EABC01932}.Debug|Any CPU.ActiveCfg = Debug|Any CPU
		{2E286803-8363-44A7-A9B6-580EABC01932}.Debug|Any CPU.Build.0 = Debug|Any CPU
		{2E286803-8363-44A7-A9B6-580EABC01932}.Debug|ARM.ActiveCfg = Debug|Any CPU
		{2E286803-8363-44A7-A9B6-580EABC01932}.Debug|ARM.Build.0 = Debug|Any CPU
		{2E286803-8363-44A7-A9B6-580EABC01932}.Debug|iPhone.ActiveCfg = Debug|Any CPU
		{2E286803-8363-44A7-A9B6-580EABC01932}.Debug|iPhone.Build.0 = Debug|Any CPU
		{2E286803-8363-44A7-A9B6-580EABC01932}.Debug|iPhoneSimulator.ActiveCfg = Debug|Any CPU
		{2E286803-8363-44A7-A9B6-580EABC01932}.Debug|iPhoneSimulator.Build.0 = Debug|Any CPU
		{2E286803-8363-44A7-A9B6-580EABC01932}.Debug|x64.ActiveCfg = Debug|Any CPU
		{2E286803-8363-44A7-A9B6-580EABC01932}.Debug|x64.Build.0 = Debug|Any CPU
		{2E286803-8363-44A7-A9B6-580EABC01932}.Debug|x86.ActiveCfg = Debug|Any CPU
		{2E286803-8363-44A7-A9B6-580EABC01932}.Debug|x86.Build.0 = Debug|Any CPU
		{2E286803-8363-44A7-A9B6-580EABC01932}.Release|Any CPU.ActiveCfg = Release|Any CPU
		{2E286803-8363-44A7-A9B6-580EABC01932}.Release|Any CPU.Build.0 = Release|Any CPU
		{2E286803-8363-44A7-A9B6-580EABC01932}.Release|ARM.ActiveCfg = Release|Any CPU
		{2E286803-8363-44A7-A9B6-580EABC01932}.Release|ARM.Build.0 = Release|Any CPU
		{2E286803-8363-44A7-A9B6-580EABC01932}.Release|iPhone.ActiveCfg = Release|Any CPU
		{2E286803-8363-44A7-A9B6-580EABC01932}.Release|iPhone.Build.0 = Release|Any CPU
		{2E286803-8363-44A7-A9B6-580EABC01932}.Release|iPhoneSimulator.ActiveCfg = Release|Any CPU
		{2E286803-8363-44A7-A9B6-580EABC01932}.Release|iPhoneSimulator.Build.0 = Release|Any CPU
		{2E286803-8363-44A7-A9B6-580EABC01932}.Release|x64.ActiveCfg = Release|Any CPU
		{2E286803-8363-44A7-A9B6-580EABC01932}.Release|x64.Build.0 = Release|Any CPU
		{2E286803-8363-44A7-A9B6-580EABC01932}.Release|x86.ActiveCfg = Release|Any CPU
		{2E286803-8363-44A7-A9B6-580EABC01932}.Release|x86.Build.0 = Release|Any CPU
		{54FA95F6-2F45-4B35-925D-E71094E17ACE}.Ad-Hoc|Any CPU.ActiveCfg = Release|Any CPU
		{54FA95F6-2F45-4B35-925D-E71094E17ACE}.Ad-Hoc|Any CPU.Build.0 = Release|Any CPU
		{54FA95F6-2F45-4B35-925D-E71094E17ACE}.Ad-Hoc|Any CPU.Deploy.0 = Release|Any CPU
		{54FA95F6-2F45-4B35-925D-E71094E17ACE}.Ad-Hoc|ARM.ActiveCfg = Release|Any CPU
		{54FA95F6-2F45-4B35-925D-E71094E17ACE}.Ad-Hoc|ARM.Build.0 = Release|Any CPU
		{54FA95F6-2F45-4B35-925D-E71094E17ACE}.Ad-Hoc|ARM.Deploy.0 = Release|Any CPU
		{54FA95F6-2F45-4B35-925D-E71094E17ACE}.Ad-Hoc|iPhone.ActiveCfg = Release|Any CPU
		{54FA95F6-2F45-4B35-925D-E71094E17ACE}.Ad-Hoc|iPhone.Build.0 = Release|Any CPU
		{54FA95F6-2F45-4B35-925D-E71094E17ACE}.Ad-Hoc|iPhone.Deploy.0 = Release|Any CPU
		{54FA95F6-2F45-4B35-925D-E71094E17ACE}.Ad-Hoc|iPhoneSimulator.ActiveCfg = Release|Any CPU
		{54FA95F6-2F45-4B35-925D-E71094E17ACE}.Ad-Hoc|iPhoneSimulator.Build.0 = Release|Any CPU
		{54FA95F6-2F45-4B35-925D-E71094E17ACE}.Ad-Hoc|iPhoneSimulator.Deploy.0 = Release|Any CPU
		{54FA95F6-2F45-4B35-925D-E71094E17ACE}.Ad-Hoc|x64.ActiveCfg = Release|Any CPU
		{54FA95F6-2F45-4B35-925D-E71094E17ACE}.Ad-Hoc|x64.Build.0 = Release|Any CPU
		{54FA95F6-2F45-4B35-925D-E71094E17ACE}.Ad-Hoc|x64.Deploy.0 = Release|Any CPU
		{54FA95F6-2F45-4B35-925D-E71094E17ACE}.Ad-Hoc|x86.ActiveCfg = Release|Any CPU
		{54FA95F6-2F45-4B35-925D-E71094E17ACE}.Ad-Hoc|x86.Build.0 = Release|Any CPU
		{54FA95F6-2F45-4B35-925D-E71094E17ACE}.Ad-Hoc|x86.Deploy.0 = Release|Any CPU
		{54FA95F6-2F45-4B35-925D-E71094E17ACE}.AppStore|Any CPU.ActiveCfg = Release|Any CPU
		{54FA95F6-2F45-4B35-925D-E71094E17ACE}.AppStore|Any CPU.Build.0 = Release|Any CPU
		{54FA95F6-2F45-4B35-925D-E71094E17ACE}.AppStore|Any CPU.Deploy.0 = Release|Any CPU
		{54FA95F6-2F45-4B35-925D-E71094E17ACE}.AppStore|ARM.ActiveCfg = Release|Any CPU
		{54FA95F6-2F45-4B35-925D-E71094E17ACE}.AppStore|ARM.Build.0 = Release|Any CPU
		{54FA95F6-2F45-4B35-925D-E71094E17ACE}.AppStore|ARM.Deploy.0 = Release|Any CPU
		{54FA95F6-2F45-4B35-925D-E71094E17ACE}.AppStore|iPhone.ActiveCfg = Release|Any CPU
		{54FA95F6-2F45-4B35-925D-E71094E17ACE}.AppStore|iPhone.Build.0 = Release|Any CPU
		{54FA95F6-2F45-4B35-925D-E71094E17ACE}.AppStore|iPhone.Deploy.0 = Release|Any CPU
		{54FA95F6-2F45-4B35-925D-E71094E17ACE}.AppStore|iPhoneSimulator.ActiveCfg = Release|Any CPU
		{54FA95F6-2F45-4B35-925D-E71094E17ACE}.AppStore|iPhoneSimulator.Build.0 = Release|Any CPU
		{54FA95F6-2F45-4B35-925D-E71094E17ACE}.AppStore|iPhoneSimulator.Deploy.0 = Release|Any CPU
		{54FA95F6-2F45-4B35-925D-E71094E17ACE}.AppStore|x64.ActiveCfg = Release|Any CPU
		{54FA95F6-2F45-4B35-925D-E71094E17ACE}.AppStore|x64.Build.0 = Release|Any CPU
		{54FA95F6-2F45-4B35-925D-E71094E17ACE}.AppStore|x64.Deploy.0 = Release|Any CPU
		{54FA95F6-2F45-4B35-925D-E71094E17ACE}.AppStore|x86.ActiveCfg = Release|Any CPU
		{54FA95F6-2F45-4B35-925D-E71094E17ACE}.AppStore|x86.Build.0 = Release|Any CPU
		{54FA95F6-2F45-4B35-925D-E71094E17ACE}.AppStore|x86.Deploy.0 = Release|Any CPU
		{54FA95F6-2F45-4B35-925D-E71094E17ACE}.Debug|Any CPU.ActiveCfg = Debug|Any CPU
		{54FA95F6-2F45-4B35-925D-E71094E17ACE}.Debug|Any CPU.Build.0 = Debug|Any CPU
		{54FA95F6-2F45-4B35-925D-E71094E17ACE}.Debug|Any CPU.Deploy.0 = Debug|Any CPU
		{54FA95F6-2F45-4B35-925D-E71094E17ACE}.Debug|ARM.ActiveCfg = Debug|Any CPU
		{54FA95F6-2F45-4B35-925D-E71094E17ACE}.Debug|ARM.Build.0 = Debug|Any CPU
		{54FA95F6-2F45-4B35-925D-E71094E17ACE}.Debug|ARM.Deploy.0 = Debug|Any CPU
		{54FA95F6-2F45-4B35-925D-E71094E17ACE}.Debug|iPhone.ActiveCfg = Debug|Any CPU
		{54FA95F6-2F45-4B35-925D-E71094E17ACE}.Debug|iPhone.Build.0 = Debug|Any CPU
		{54FA95F6-2F45-4B35-925D-E71094E17ACE}.Debug|iPhone.Deploy.0 = Debug|Any CPU
		{54FA95F6-2F45-4B35-925D-E71094E17ACE}.Debug|iPhoneSimulator.ActiveCfg = Debug|Any CPU
		{54FA95F6-2F45-4B35-925D-E71094E17ACE}.Debug|iPhoneSimulator.Build.0 = Debug|Any CPU
		{54FA95F6-2F45-4B35-925D-E71094E17ACE}.Debug|iPhoneSimulator.Deploy.0 = Debug|Any CPU
		{54FA95F6-2F45-4B35-925D-E71094E17ACE}.Debug|x64.ActiveCfg = Debug|Any CPU
		{54FA95F6-2F45-4B35-925D-E71094E17ACE}.Debug|x64.Build.0 = Debug|Any CPU
		{54FA95F6-2F45-4B35-925D-E71094E17ACE}.Debug|x64.Deploy.0 = Debug|Any CPU
		{54FA95F6-2F45-4B35-925D-E71094E17ACE}.Debug|x86.ActiveCfg = Debug|Any CPU
		{54FA95F6-2F45-4B35-925D-E71094E17ACE}.Debug|x86.Build.0 = Debug|Any CPU
		{54FA95F6-2F45-4B35-925D-E71094E17ACE}.Debug|x86.Deploy.0 = Debug|Any CPU
		{54FA95F6-2F45-4B35-925D-E71094E17ACE}.Release|Any CPU.ActiveCfg = Release|Any CPU
		{54FA95F6-2F45-4B35-925D-E71094E17ACE}.Release|Any CPU.Build.0 = Release|Any CPU
		{54FA95F6-2F45-4B35-925D-E71094E17ACE}.Release|Any CPU.Deploy.0 = Release|Any CPU
		{54FA95F6-2F45-4B35-925D-E71094E17ACE}.Release|ARM.ActiveCfg = Release|Any CPU
		{54FA95F6-2F45-4B35-925D-E71094E17ACE}.Release|ARM.Build.0 = Release|Any CPU
		{54FA95F6-2F45-4B35-925D-E71094E17ACE}.Release|ARM.Deploy.0 = Release|Any CPU
		{54FA95F6-2F45-4B35-925D-E71094E17ACE}.Release|iPhone.ActiveCfg = Release|Any CPU
		{54FA95F6-2F45-4B35-925D-E71094E17ACE}.Release|iPhone.Build.0 = Release|Any CPU
		{54FA95F6-2F45-4B35-925D-E71094E17ACE}.Release|iPhone.Deploy.0 = Release|Any CPU
		{54FA95F6-2F45-4B35-925D-E71094E17ACE}.Release|iPhoneSimulator.ActiveCfg = Release|Any CPU
		{54FA95F6-2F45-4B35-925D-E71094E17ACE}.Release|iPhoneSimulator.Build.0 = Release|Any CPU
		{54FA95F6-2F45-4B35-925D-E71094E17ACE}.Release|iPhoneSimulator.Deploy.0 = Release|Any CPU
		{54FA95F6-2F45-4B35-925D-E71094E17ACE}.Release|x64.ActiveCfg = Release|Any CPU
		{54FA95F6-2F45-4B35-925D-E71094E17ACE}.Release|x64.Build.0 = Release|Any CPU
		{54FA95F6-2F45-4B35-925D-E71094E17ACE}.Release|x64.Deploy.0 = Release|Any CPU
		{54FA95F6-2F45-4B35-925D-E71094E17ACE}.Release|x86.ActiveCfg = Release|Any CPU
		{54FA95F6-2F45-4B35-925D-E71094E17ACE}.Release|x86.Build.0 = Release|Any CPU
		{54FA95F6-2F45-4B35-925D-E71094E17ACE}.Release|x86.Deploy.0 = Release|Any CPU
		{422B4A56-8038-41B9-A915-4BF73F4D0A86}.Ad-Hoc|Any CPU.ActiveCfg = Ad-Hoc|iPhone
		{422B4A56-8038-41B9-A915-4BF73F4D0A86}.Ad-Hoc|ARM.ActiveCfg = Ad-Hoc|iPhone
		{422B4A56-8038-41B9-A915-4BF73F4D0A86}.Ad-Hoc|iPhone.ActiveCfg = Ad-Hoc|iPhone
		{422B4A56-8038-41B9-A915-4BF73F4D0A86}.Ad-Hoc|iPhone.Build.0 = Ad-Hoc|iPhone
		{422B4A56-8038-41B9-A915-4BF73F4D0A86}.Ad-Hoc|iPhoneSimulator.ActiveCfg = Ad-Hoc|iPhoneSimulator
		{422B4A56-8038-41B9-A915-4BF73F4D0A86}.Ad-Hoc|iPhoneSimulator.Build.0 = Ad-Hoc|iPhoneSimulator
		{422B4A56-8038-41B9-A915-4BF73F4D0A86}.Ad-Hoc|x64.ActiveCfg = Ad-Hoc|iPhone
		{422B4A56-8038-41B9-A915-4BF73F4D0A86}.Ad-Hoc|x86.ActiveCfg = Ad-Hoc|iPhone
		{422B4A56-8038-41B9-A915-4BF73F4D0A86}.AppStore|Any CPU.ActiveCfg = AppStore|iPhone
		{422B4A56-8038-41B9-A915-4BF73F4D0A86}.AppStore|ARM.ActiveCfg = AppStore|iPhone
		{422B4A56-8038-41B9-A915-4BF73F4D0A86}.AppStore|iPhone.ActiveCfg = AppStore|iPhone
		{422B4A56-8038-41B9-A915-4BF73F4D0A86}.AppStore|iPhone.Build.0 = AppStore|iPhone
		{422B4A56-8038-41B9-A915-4BF73F4D0A86}.AppStore|iPhoneSimulator.ActiveCfg = AppStore|iPhoneSimulator
		{422B4A56-8038-41B9-A915-4BF73F4D0A86}.AppStore|iPhoneSimulator.Build.0 = AppStore|iPhoneSimulator
		{422B4A56-8038-41B9-A915-4BF73F4D0A86}.AppStore|x64.ActiveCfg = AppStore|iPhone
		{422B4A56-8038-41B9-A915-4BF73F4D0A86}.AppStore|x86.ActiveCfg = AppStore|iPhone
		{422B4A56-8038-41B9-A915-4BF73F4D0A86}.Debug|Any CPU.ActiveCfg = Debug|iPhone
		{422B4A56-8038-41B9-A915-4BF73F4D0A86}.Debug|ARM.ActiveCfg = Debug|iPhone
		{422B4A56-8038-41B9-A915-4BF73F4D0A86}.Debug|iPhone.ActiveCfg = Debug|iPhone
		{422B4A56-8038-41B9-A915-4BF73F4D0A86}.Debug|iPhone.Build.0 = Debug|iPhone
		{422B4A56-8038-41B9-A915-4BF73F4D0A86}.Debug|iPhoneSimulator.ActiveCfg = Debug|iPhoneSimulator
		{422B4A56-8038-41B9-A915-4BF73F4D0A86}.Debug|iPhoneSimulator.Build.0 = Debug|iPhoneSimulator
		{422B4A56-8038-41B9-A915-4BF73F4D0A86}.Debug|x64.ActiveCfg = Debug|iPhone
		{422B4A56-8038-41B9-A915-4BF73F4D0A86}.Debug|x86.ActiveCfg = Debug|iPhone
		{422B4A56-8038-41B9-A915-4BF73F4D0A86}.Release|Any CPU.ActiveCfg = Release|iPhone
		{422B4A56-8038-41B9-A915-4BF73F4D0A86}.Release|ARM.ActiveCfg = Release|iPhone
		{422B4A56-8038-41B9-A915-4BF73F4D0A86}.Release|iPhone.ActiveCfg = Release|iPhone
		{422B4A56-8038-41B9-A915-4BF73F4D0A86}.Release|iPhone.Build.0 = Release|iPhone
		{422B4A56-8038-41B9-A915-4BF73F4D0A86}.Release|iPhoneSimulator.ActiveCfg = Release|iPhoneSimulator
		{422B4A56-8038-41B9-A915-4BF73F4D0A86}.Release|iPhoneSimulator.Build.0 = Release|iPhoneSimulator
		{422B4A56-8038-41B9-A915-4BF73F4D0A86}.Release|x64.ActiveCfg = Release|iPhone
		{422B4A56-8038-41B9-A915-4BF73F4D0A86}.Release|x86.ActiveCfg = Release|iPhone
		{A6618C9D-59A3-45D4-B02F-82849711F88E}.Ad-Hoc|Any CPU.ActiveCfg = Release|Any CPU
		{A6618C9D-59A3-45D4-B02F-82849711F88E}.Ad-Hoc|Any CPU.Build.0 = Release|Any CPU
		{A6618C9D-59A3-45D4-B02F-82849711F88E}.Ad-Hoc|Any CPU.Deploy.0 = Release|Any CPU
		{A6618C9D-59A3-45D4-B02F-82849711F88E}.Ad-Hoc|ARM.ActiveCfg = Release|ARM
		{A6618C9D-59A3-45D4-B02F-82849711F88E}.Ad-Hoc|ARM.Build.0 = Release|ARM
		{A6618C9D-59A3-45D4-B02F-82849711F88E}.Ad-Hoc|ARM.Deploy.0 = Release|ARM
		{A6618C9D-59A3-45D4-B02F-82849711F88E}.Ad-Hoc|iPhone.ActiveCfg = Release|Any CPU
		{A6618C9D-59A3-45D4-B02F-82849711F88E}.Ad-Hoc|iPhone.Build.0 = Release|Any CPU
		{A6618C9D-59A3-45D4-B02F-82849711F88E}.Ad-Hoc|iPhone.Deploy.0 = Release|Any CPU
		{A6618C9D-59A3-45D4-B02F-82849711F88E}.Ad-Hoc|iPhoneSimulator.ActiveCfg = Release|Any CPU
		{A6618C9D-59A3-45D4-B02F-82849711F88E}.Ad-Hoc|iPhoneSimulator.Build.0 = Release|Any CPU
		{A6618C9D-59A3-45D4-B02F-82849711F88E}.Ad-Hoc|iPhoneSimulator.Deploy.0 = Release|Any CPU
		{A6618C9D-59A3-45D4-B02F-82849711F88E}.Ad-Hoc|x64.ActiveCfg = Release|Any CPU
		{A6618C9D-59A3-45D4-B02F-82849711F88E}.Ad-Hoc|x64.Build.0 = Release|Any CPU
		{A6618C9D-59A3-45D4-B02F-82849711F88E}.Ad-Hoc|x64.Deploy.0 = Release|Any CPU
		{A6618C9D-59A3-45D4-B02F-82849711F88E}.Ad-Hoc|x86.ActiveCfg = Release|x86
		{A6618C9D-59A3-45D4-B02F-82849711F88E}.Ad-Hoc|x86.Build.0 = Release|x86
		{A6618C9D-59A3-45D4-B02F-82849711F88E}.Ad-Hoc|x86.Deploy.0 = Release|x86
		{A6618C9D-59A3-45D4-B02F-82849711F88E}.AppStore|Any CPU.ActiveCfg = Release|Any CPU
		{A6618C9D-59A3-45D4-B02F-82849711F88E}.AppStore|Any CPU.Build.0 = Release|Any CPU
		{A6618C9D-59A3-45D4-B02F-82849711F88E}.AppStore|Any CPU.Deploy.0 = Release|Any CPU
		{A6618C9D-59A3-45D4-B02F-82849711F88E}.AppStore|ARM.ActiveCfg = Release|ARM
		{A6618C9D-59A3-45D4-B02F-82849711F88E}.AppStore|ARM.Build.0 = Release|ARM
		{A6618C9D-59A3-45D4-B02F-82849711F88E}.AppStore|ARM.Deploy.0 = Release|ARM
		{A6618C9D-59A3-45D4-B02F-82849711F88E}.AppStore|iPhone.ActiveCfg = Release|Any CPU
		{A6618C9D-59A3-45D4-B02F-82849711F88E}.AppStore|iPhone.Build.0 = Release|Any CPU
		{A6618C9D-59A3-45D4-B02F-82849711F88E}.AppStore|iPhone.Deploy.0 = Release|Any CPU
		{A6618C9D-59A3-45D4-B02F-82849711F88E}.AppStore|iPhoneSimulator.ActiveCfg = Release|Any CPU
		{A6618C9D-59A3-45D4-B02F-82849711F88E}.AppStore|iPhoneSimulator.Build.0 = Release|Any CPU
		{A6618C9D-59A3-45D4-B02F-82849711F88E}.AppStore|iPhoneSimulator.Deploy.0 = Release|Any CPU
		{A6618C9D-59A3-45D4-B02F-82849711F88E}.AppStore|x64.ActiveCfg = Release|Any CPU
		{A6618C9D-59A3-45D4-B02F-82849711F88E}.AppStore|x64.Build.0 = Release|Any CPU
		{A6618C9D-59A3-45D4-B02F-82849711F88E}.AppStore|x64.Deploy.0 = Release|Any CPU
		{A6618C9D-59A3-45D4-B02F-82849711F88E}.AppStore|x86.ActiveCfg = Release|x86
		{A6618C9D-59A3-45D4-B02F-82849711F88E}.AppStore|x86.Build.0 = Release|x86
		{A6618C9D-59A3-45D4-B02F-82849711F88E}.AppStore|x86.Deploy.0 = Release|x86
		{A6618C9D-59A3-45D4-B02F-82849711F88E}.Debug|Any CPU.ActiveCfg = Debug|Any CPU
		{A6618C9D-59A3-45D4-B02F-82849711F88E}.Debug|Any CPU.Build.0 = Debug|Any CPU
		{A6618C9D-59A3-45D4-B02F-82849711F88E}.Debug|Any CPU.Deploy.0 = Debug|Any CPU
		{A6618C9D-59A3-45D4-B02F-82849711F88E}.Debug|ARM.ActiveCfg = Debug|ARM
		{A6618C9D-59A3-45D4-B02F-82849711F88E}.Debug|ARM.Build.0 = Debug|ARM
		{A6618C9D-59A3-45D4-B02F-82849711F88E}.Debug|ARM.Deploy.0 = Debug|ARM
		{A6618C9D-59A3-45D4-B02F-82849711F88E}.Debug|iPhone.ActiveCfg = Debug|Any CPU
		{A6618C9D-59A3-45D4-B02F-82849711F88E}.Debug|iPhone.Build.0 = Debug|Any CPU
		{A6618C9D-59A3-45D4-B02F-82849711F88E}.Debug|iPhone.Deploy.0 = Debug|Any CPU
		{A6618C9D-59A3-45D4-B02F-82849711F88E}.Debug|iPhoneSimulator.ActiveCfg = Debug|Any CPU
		{A6618C9D-59A3-45D4-B02F-82849711F88E}.Debug|iPhoneSimulator.Build.0 = Debug|Any CPU
		{A6618C9D-59A3-45D4-B02F-82849711F88E}.Debug|iPhoneSimulator.Deploy.0 = Debug|Any CPU
		{A6618C9D-59A3-45D4-B02F-82849711F88E}.Debug|x64.ActiveCfg = Debug|Any CPU
		{A6618C9D-59A3-45D4-B02F-82849711F88E}.Debug|x64.Build.0 = Debug|Any CPU
		{A6618C9D-59A3-45D4-B02F-82849711F88E}.Debug|x64.Deploy.0 = Debug|Any CPU
		{A6618C9D-59A3-45D4-B02F-82849711F88E}.Debug|x86.ActiveCfg = Debug|x86
		{A6618C9D-59A3-45D4-B02F-82849711F88E}.Debug|x86.Build.0 = Debug|x86
		{A6618C9D-59A3-45D4-B02F-82849711F88E}.Debug|x86.Deploy.0 = Debug|x86
		{A6618C9D-59A3-45D4-B02F-82849711F88E}.Release|Any CPU.ActiveCfg = Release|Any CPU
		{A6618C9D-59A3-45D4-B02F-82849711F88E}.Release|Any CPU.Build.0 = Release|Any CPU
		{A6618C9D-59A3-45D4-B02F-82849711F88E}.Release|Any CPU.Deploy.0 = Release|Any CPU
		{A6618C9D-59A3-45D4-B02F-82849711F88E}.Release|ARM.ActiveCfg = Release|ARM
		{A6618C9D-59A3-45D4-B02F-82849711F88E}.Release|ARM.Build.0 = Release|ARM
		{A6618C9D-59A3-45D4-B02F-82849711F88E}.Release|ARM.Deploy.0 = Release|ARM
		{A6618C9D-59A3-45D4-B02F-82849711F88E}.Release|iPhone.ActiveCfg = Release|Any CPU
		{A6618C9D-59A3-45D4-B02F-82849711F88E}.Release|iPhone.Build.0 = Release|Any CPU
		{A6618C9D-59A3-45D4-B02F-82849711F88E}.Release|iPhone.Deploy.0 = Release|Any CPU
		{A6618C9D-59A3-45D4-B02F-82849711F88E}.Release|iPhoneSimulator.ActiveCfg = Release|Any CPU
		{A6618C9D-59A3-45D4-B02F-82849711F88E}.Release|iPhoneSimulator.Build.0 = Release|Any CPU
		{A6618C9D-59A3-45D4-B02F-82849711F88E}.Release|iPhoneSimulator.Deploy.0 = Release|Any CPU
		{A6618C9D-59A3-45D4-B02F-82849711F88E}.Release|x64.ActiveCfg = Release|Any CPU
		{A6618C9D-59A3-45D4-B02F-82849711F88E}.Release|x64.Build.0 = Release|Any CPU
		{A6618C9D-59A3-45D4-B02F-82849711F88E}.Release|x64.Deploy.0 = Release|Any CPU
		{A6618C9D-59A3-45D4-B02F-82849711F88E}.Release|x86.ActiveCfg = Release|x86
		{A6618C9D-59A3-45D4-B02F-82849711F88E}.Release|x86.Build.0 = Release|x86
		{A6618C9D-59A3-45D4-B02F-82849711F88E}.Release|x86.Deploy.0 = Release|x86
		{50B63A65-F896-4CDF-B232-8336E3E5F7F4}.Ad-Hoc|Any CPU.ActiveCfg = Release|x86
		{50B63A65-F896-4CDF-B232-8336E3E5F7F4}.Ad-Hoc|Any CPU.Build.0 = Release|x86
		{50B63A65-F896-4CDF-B232-8336E3E5F7F4}.Ad-Hoc|Any CPU.Deploy.0 = Release|x86
		{50B63A65-F896-4CDF-B232-8336E3E5F7F4}.Ad-Hoc|ARM.ActiveCfg = Release|ARM
		{50B63A65-F896-4CDF-B232-8336E3E5F7F4}.Ad-Hoc|ARM.Build.0 = Release|ARM
		{50B63A65-F896-4CDF-B232-8336E3E5F7F4}.Ad-Hoc|ARM.Deploy.0 = Release|ARM
		{50B63A65-F896-4CDF-B232-8336E3E5F7F4}.Ad-Hoc|iPhone.ActiveCfg = Release|x86
		{50B63A65-F896-4CDF-B232-8336E3E5F7F4}.Ad-Hoc|iPhone.Build.0 = Release|x86
		{50B63A65-F896-4CDF-B232-8336E3E5F7F4}.Ad-Hoc|iPhone.Deploy.0 = Release|x86
		{50B63A65-F896-4CDF-B232-8336E3E5F7F4}.Ad-Hoc|iPhoneSimulator.ActiveCfg = Release|x86
		{50B63A65-F896-4CDF-B232-8336E3E5F7F4}.Ad-Hoc|iPhoneSimulator.Build.0 = Release|x86
		{50B63A65-F896-4CDF-B232-8336E3E5F7F4}.Ad-Hoc|iPhoneSimulator.Deploy.0 = Release|x86
		{50B63A65-F896-4CDF-B232-8336E3E5F7F4}.Ad-Hoc|x64.ActiveCfg = Release|x64
		{50B63A65-F896-4CDF-B232-8336E3E5F7F4}.Ad-Hoc|x64.Build.0 = Release|x64
		{50B63A65-F896-4CDF-B232-8336E3E5F7F4}.Ad-Hoc|x64.Deploy.0 = Release|x64
		{50B63A65-F896-4CDF-B232-8336E3E5F7F4}.Ad-Hoc|x86.ActiveCfg = Release|x86
		{50B63A65-F896-4CDF-B232-8336E3E5F7F4}.Ad-Hoc|x86.Build.0 = Release|x86
		{50B63A65-F896-4CDF-B232-8336E3E5F7F4}.Ad-Hoc|x86.Deploy.0 = Release|x86
		{50B63A65-F896-4CDF-B232-8336E3E5F7F4}.AppStore|Any CPU.ActiveCfg = Release|x86
		{50B63A65-F896-4CDF-B232-8336E3E5F7F4}.AppStore|Any CPU.Build.0 = Release|x86
		{50B63A65-F896-4CDF-B232-8336E3E5F7F4}.AppStore|Any CPU.Deploy.0 = Release|x86
		{50B63A65-F896-4CDF-B232-8336E3E5F7F4}.AppStore|ARM.ActiveCfg = Release|ARM
		{50B63A65-F896-4CDF-B232-8336E3E5F7F4}.AppStore|ARM.Build.0 = Release|ARM
		{50B63A65-F896-4CDF-B232-8336E3E5F7F4}.AppStore|ARM.Deploy.0 = Release|ARM
		{50B63A65-F896-4CDF-B232-8336E3E5F7F4}.AppStore|iPhone.ActiveCfg = Release|x86
		{50B63A65-F896-4CDF-B232-8336E3E5F7F4}.AppStore|iPhone.Build.0 = Release|x86
		{50B63A65-F896-4CDF-B232-8336E3E5F7F4}.AppStore|iPhone.Deploy.0 = Release|x86
		{50B63A65-F896-4CDF-B232-8336E3E5F7F4}.AppStore|iPhoneSimulator.ActiveCfg = Release|x86
		{50B63A65-F896-4CDF-B232-8336E3E5F7F4}.AppStore|iPhoneSimulator.Build.0 = Release|x86
		{50B63A65-F896-4CDF-B232-8336E3E5F7F4}.AppStore|iPhoneSimulator.Deploy.0 = Release|x86
		{50B63A65-F896-4CDF-B232-8336E3E5F7F4}.AppStore|x64.ActiveCfg = Release|x64
		{50B63A65-F896-4CDF-B232-8336E3E5F7F4}.AppStore|x64.Build.0 = Release|x64
		{50B63A65-F896-4CDF-B232-8336E3E5F7F4}.AppStore|x64.Deploy.0 = Release|x64
		{50B63A65-F896-4CDF-B232-8336E3E5F7F4}.AppStore|x86.ActiveCfg = Release|x86
		{50B63A65-F896-4CDF-B232-8336E3E5F7F4}.AppStore|x86.Build.0 = Release|x86
		{50B63A65-F896-4CDF-B232-8336E3E5F7F4}.AppStore|x86.Deploy.0 = Release|x86
		{50B63A65-F896-4CDF-B232-8336E3E5F7F4}.Debug|Any CPU.ActiveCfg = Debug|x86
		{50B63A65-F896-4CDF-B232-8336E3E5F7F4}.Debug|ARM.ActiveCfg = Debug|ARM
		{50B63A65-F896-4CDF-B232-8336E3E5F7F4}.Debug|ARM.Build.0 = Debug|ARM
		{50B63A65-F896-4CDF-B232-8336E3E5F7F4}.Debug|ARM.Deploy.0 = Debug|ARM
		{50B63A65-F896-4CDF-B232-8336E3E5F7F4}.Debug|iPhone.ActiveCfg = Debug|x86
		{50B63A65-F896-4CDF-B232-8336E3E5F7F4}.Debug|iPhoneSimulator.ActiveCfg = Debug|x86
		{50B63A65-F896-4CDF-B232-8336E3E5F7F4}.Debug|x64.ActiveCfg = Debug|x64
		{50B63A65-F896-4CDF-B232-8336E3E5F7F4}.Debug|x64.Build.0 = Debug|x64
		{50B63A65-F896-4CDF-B232-8336E3E5F7F4}.Debug|x64.Deploy.0 = Debug|x64
		{50B63A65-F896-4CDF-B232-8336E3E5F7F4}.Debug|x86.ActiveCfg = Debug|x86
		{50B63A65-F896-4CDF-B232-8336E3E5F7F4}.Debug|x86.Build.0 = Debug|x86
		{50B63A65-F896-4CDF-B232-8336E3E5F7F4}.Debug|x86.Deploy.0 = Debug|x86
		{50B63A65-F896-4CDF-B232-8336E3E5F7F4}.Release|Any CPU.ActiveCfg = Release|x86
		{50B63A65-F896-4CDF-B232-8336E3E5F7F4}.Release|ARM.ActiveCfg = Release|ARM
		{50B63A65-F896-4CDF-B232-8336E3E5F7F4}.Release|ARM.Build.0 = Release|ARM
		{50B63A65-F896-4CDF-B232-8336E3E5F7F4}.Release|ARM.Deploy.0 = Release|ARM
		{50B63A65-F896-4CDF-B232-8336E3E5F7F4}.Release|iPhone.ActiveCfg = Release|x86
		{50B63A65-F896-4CDF-B232-8336E3E5F7F4}.Release|iPhoneSimulator.ActiveCfg = Release|x86
		{50B63A65-F896-4CDF-B232-8336E3E5F7F4}.Release|x64.ActiveCfg = Release|x64
		{50B63A65-F896-4CDF-B232-8336E3E5F7F4}.Release|x64.Build.0 = Release|x64
		{50B63A65-F896-4CDF-B232-8336E3E5F7F4}.Release|x64.Deploy.0 = Release|x64
		{50B63A65-F896-4CDF-B232-8336E3E5F7F4}.Release|x86.ActiveCfg = Release|x86
		{50B63A65-F896-4CDF-B232-8336E3E5F7F4}.Release|x86.Build.0 = Release|x86
		{50B63A65-F896-4CDF-B232-8336E3E5F7F4}.Release|x86.Deploy.0 = Release|x86
		{294A238E-6FED-43DE-9692-39B2C67B3FD5}.Ad-Hoc|Any CPU.ActiveCfg = Release|Any CPU
		{294A238E-6FED-43DE-9692-39B2C67B3FD5}.Ad-Hoc|Any CPU.Build.0 = Release|Any CPU
		{294A238E-6FED-43DE-9692-39B2C67B3FD5}.Ad-Hoc|Any CPU.Deploy.0 = Release|Any CPU
		{294A238E-6FED-43DE-9692-39B2C67B3FD5}.Ad-Hoc|ARM.ActiveCfg = Release|ARM
		{294A238E-6FED-43DE-9692-39B2C67B3FD5}.Ad-Hoc|ARM.Build.0 = Release|ARM
		{294A238E-6FED-43DE-9692-39B2C67B3FD5}.Ad-Hoc|ARM.Deploy.0 = Release|ARM
		{294A238E-6FED-43DE-9692-39B2C67B3FD5}.Ad-Hoc|iPhone.ActiveCfg = Release|Any CPU
		{294A238E-6FED-43DE-9692-39B2C67B3FD5}.Ad-Hoc|iPhone.Build.0 = Release|Any CPU
		{294A238E-6FED-43DE-9692-39B2C67B3FD5}.Ad-Hoc|iPhone.Deploy.0 = Release|Any CPU
		{294A238E-6FED-43DE-9692-39B2C67B3FD5}.Ad-Hoc|iPhoneSimulator.ActiveCfg = Release|Any CPU
		{294A238E-6FED-43DE-9692-39B2C67B3FD5}.Ad-Hoc|iPhoneSimulator.Build.0 = Release|Any CPU
		{294A238E-6FED-43DE-9692-39B2C67B3FD5}.Ad-Hoc|iPhoneSimulator.Deploy.0 = Release|Any CPU
		{294A238E-6FED-43DE-9692-39B2C67B3FD5}.Ad-Hoc|x64.ActiveCfg = Release|x64
		{294A238E-6FED-43DE-9692-39B2C67B3FD5}.Ad-Hoc|x64.Build.0 = Release|x64
		{294A238E-6FED-43DE-9692-39B2C67B3FD5}.Ad-Hoc|x64.Deploy.0 = Release|x64
		{294A238E-6FED-43DE-9692-39B2C67B3FD5}.Ad-Hoc|x86.ActiveCfg = Release|x86
		{294A238E-6FED-43DE-9692-39B2C67B3FD5}.Ad-Hoc|x86.Build.0 = Release|x86
		{294A238E-6FED-43DE-9692-39B2C67B3FD5}.Ad-Hoc|x86.Deploy.0 = Release|x86
		{294A238E-6FED-43DE-9692-39B2C67B3FD5}.AppStore|Any CPU.ActiveCfg = Release|Any CPU
		{294A238E-6FED-43DE-9692-39B2C67B3FD5}.AppStore|Any CPU.Build.0 = Release|Any CPU
		{294A238E-6FED-43DE-9692-39B2C67B3FD5}.AppStore|Any CPU.Deploy.0 = Release|Any CPU
		{294A238E-6FED-43DE-9692-39B2C67B3FD5}.AppStore|ARM.ActiveCfg = Release|ARM
		{294A238E-6FED-43DE-9692-39B2C67B3FD5}.AppStore|ARM.Build.0 = Release|ARM
		{294A238E-6FED-43DE-9692-39B2C67B3FD5}.AppStore|ARM.Deploy.0 = Release|ARM
		{294A238E-6FED-43DE-9692-39B2C67B3FD5}.AppStore|iPhone.ActiveCfg = Release|Any CPU
		{294A238E-6FED-43DE-9692-39B2C67B3FD5}.AppStore|iPhone.Build.0 = Release|Any CPU
		{294A238E-6FED-43DE-9692-39B2C67B3FD5}.AppStore|iPhone.Deploy.0 = Release|Any CPU
		{294A238E-6FED-43DE-9692-39B2C67B3FD5}.AppStore|iPhoneSimulator.ActiveCfg = Release|Any CPU
		{294A238E-6FED-43DE-9692-39B2C67B3FD5}.AppStore|iPhoneSimulator.Build.0 = Release|Any CPU
		{294A238E-6FED-43DE-9692-39B2C67B3FD5}.AppStore|iPhoneSimulator.Deploy.0 = Release|Any CPU
		{294A238E-6FED-43DE-9692-39B2C67B3FD5}.AppStore|x64.ActiveCfg = Release|x64
		{294A238E-6FED-43DE-9692-39B2C67B3FD5}.AppStore|x64.Build.0 = Release|x64
		{294A238E-6FED-43DE-9692-39B2C67B3FD5}.AppStore|x64.Deploy.0 = Release|x64
		{294A238E-6FED-43DE-9692-39B2C67B3FD5}.AppStore|x86.ActiveCfg = Release|x86
		{294A238E-6FED-43DE-9692-39B2C67B3FD5}.AppStore|x86.Build.0 = Release|x86
		{294A238E-6FED-43DE-9692-39B2C67B3FD5}.AppStore|x86.Deploy.0 = Release|x86
		{294A238E-6FED-43DE-9692-39B2C67B3FD5}.Debug|Any CPU.ActiveCfg = Debug|Any CPU
		{294A238E-6FED-43DE-9692-39B2C67B3FD5}.Debug|Any CPU.Build.0 = Debug|Any CPU
		{294A238E-6FED-43DE-9692-39B2C67B3FD5}.Debug|Any CPU.Deploy.0 = Debug|Any CPU
		{294A238E-6FED-43DE-9692-39B2C67B3FD5}.Debug|ARM.ActiveCfg = Debug|ARM
		{294A238E-6FED-43DE-9692-39B2C67B3FD5}.Debug|ARM.Build.0 = Debug|ARM
		{294A238E-6FED-43DE-9692-39B2C67B3FD5}.Debug|ARM.Deploy.0 = Debug|ARM
		{294A238E-6FED-43DE-9692-39B2C67B3FD5}.Debug|iPhone.ActiveCfg = Debug|Any CPU
		{294A238E-6FED-43DE-9692-39B2C67B3FD5}.Debug|iPhone.Build.0 = Debug|Any CPU
		{294A238E-6FED-43DE-9692-39B2C67B3FD5}.Debug|iPhone.Deploy.0 = Debug|Any CPU
		{294A238E-6FED-43DE-9692-39B2C67B3FD5}.Debug|iPhoneSimulator.ActiveCfg = Debug|Any CPU
		{294A238E-6FED-43DE-9692-39B2C67B3FD5}.Debug|iPhoneSimulator.Build.0 = Debug|Any CPU
		{294A238E-6FED-43DE-9692-39B2C67B3FD5}.Debug|iPhoneSimulator.Deploy.0 = Debug|Any CPU
		{294A238E-6FED-43DE-9692-39B2C67B3FD5}.Debug|x64.ActiveCfg = Debug|x64
		{294A238E-6FED-43DE-9692-39B2C67B3FD5}.Debug|x64.Build.0 = Debug|x64
		{294A238E-6FED-43DE-9692-39B2C67B3FD5}.Debug|x64.Deploy.0 = Debug|x64
		{294A238E-6FED-43DE-9692-39B2C67B3FD5}.Debug|x86.ActiveCfg = Debug|x86
		{294A238E-6FED-43DE-9692-39B2C67B3FD5}.Debug|x86.Build.0 = Debug|x86
		{294A238E-6FED-43DE-9692-39B2C67B3FD5}.Debug|x86.Deploy.0 = Debug|x86
		{294A238E-6FED-43DE-9692-39B2C67B3FD5}.Release|Any CPU.ActiveCfg = Release|Any CPU
		{294A238E-6FED-43DE-9692-39B2C67B3FD5}.Release|Any CPU.Build.0 = Release|Any CPU
		{294A238E-6FED-43DE-9692-39B2C67B3FD5}.Release|Any CPU.Deploy.0 = Release|Any CPU
		{294A238E-6FED-43DE-9692-39B2C67B3FD5}.Release|ARM.ActiveCfg = Release|ARM
		{294A238E-6FED-43DE-9692-39B2C67B3FD5}.Release|ARM.Build.0 = Release|ARM
		{294A238E-6FED-43DE-9692-39B2C67B3FD5}.Release|ARM.Deploy.0 = Release|ARM
		{294A238E-6FED-43DE-9692-39B2C67B3FD5}.Release|iPhone.ActiveCfg = Release|Any CPU
		{294A238E-6FED-43DE-9692-39B2C67B3FD5}.Release|iPhone.Build.0 = Release|Any CPU
		{294A238E-6FED-43DE-9692-39B2C67B3FD5}.Release|iPhone.Deploy.0 = Release|Any CPU
		{294A238E-6FED-43DE-9692-39B2C67B3FD5}.Release|iPhoneSimulator.ActiveCfg = Release|Any CPU
		{294A238E-6FED-43DE-9692-39B2C67B3FD5}.Release|iPhoneSimulator.Build.0 = Release|Any CPU
		{294A238E-6FED-43DE-9692-39B2C67B3FD5}.Release|iPhoneSimulator.Deploy.0 = Release|Any CPU
		{294A238E-6FED-43DE-9692-39B2C67B3FD5}.Release|x64.ActiveCfg = Release|x64
		{294A238E-6FED-43DE-9692-39B2C67B3FD5}.Release|x64.Build.0 = Release|x64
		{294A238E-6FED-43DE-9692-39B2C67B3FD5}.Release|x64.Deploy.0 = Release|x64
		{294A238E-6FED-43DE-9692-39B2C67B3FD5}.Release|x86.ActiveCfg = Release|x86
		{294A238E-6FED-43DE-9692-39B2C67B3FD5}.Release|x86.Build.0 = Release|x86
		{294A238E-6FED-43DE-9692-39B2C67B3FD5}.Release|x86.Deploy.0 = Release|x86
		{FE8B081E-FAF5-47C5-A557-D4FFEC47BA10}.Ad-Hoc|Any CPU.ActiveCfg = Release|Any CPU
		{FE8B081E-FAF5-47C5-A557-D4FFEC47BA10}.Ad-Hoc|Any CPU.Build.0 = Release|Any CPU
		{FE8B081E-FAF5-47C5-A557-D4FFEC47BA10}.Ad-Hoc|ARM.ActiveCfg = Release|Any CPU
		{FE8B081E-FAF5-47C5-A557-D4FFEC47BA10}.Ad-Hoc|ARM.Build.0 = Release|Any CPU
		{FE8B081E-FAF5-47C5-A557-D4FFEC47BA10}.Ad-Hoc|iPhone.ActiveCfg = Release|Any CPU
		{FE8B081E-FAF5-47C5-A557-D4FFEC47BA10}.Ad-Hoc|iPhone.Build.0 = Release|Any CPU
		{FE8B081E-FAF5-47C5-A557-D4FFEC47BA10}.Ad-Hoc|iPhoneSimulator.ActiveCfg = Release|Any CPU
		{FE8B081E-FAF5-47C5-A557-D4FFEC47BA10}.Ad-Hoc|iPhoneSimulator.Build.0 = Release|Any CPU
		{FE8B081E-FAF5-47C5-A557-D4FFEC47BA10}.Ad-Hoc|x64.ActiveCfg = Release|Any CPU
		{FE8B081E-FAF5-47C5-A557-D4FFEC47BA10}.Ad-Hoc|x64.Build.0 = Release|Any CPU
		{FE8B081E-FAF5-47C5-A557-D4FFEC47BA10}.Ad-Hoc|x86.ActiveCfg = Release|Any CPU
		{FE8B081E-FAF5-47C5-A557-D4FFEC47BA10}.Ad-Hoc|x86.Build.0 = Release|Any CPU
		{FE8B081E-FAF5-47C5-A557-D4FFEC47BA10}.AppStore|Any CPU.ActiveCfg = Release|Any CPU
		{FE8B081E-FAF5-47C5-A557-D4FFEC47BA10}.AppStore|Any CPU.Build.0 = Release|Any CPU
		{FE8B081E-FAF5-47C5-A557-D4FFEC47BA10}.AppStore|ARM.ActiveCfg = Release|Any CPU
		{FE8B081E-FAF5-47C5-A557-D4FFEC47BA10}.AppStore|ARM.Build.0 = Release|Any CPU
		{FE8B081E-FAF5-47C5-A557-D4FFEC47BA10}.AppStore|iPhone.ActiveCfg = Release|Any CPU
		{FE8B081E-FAF5-47C5-A557-D4FFEC47BA10}.AppStore|iPhone.Build.0 = Release|Any CPU
		{FE8B081E-FAF5-47C5-A557-D4FFEC47BA10}.AppStore|iPhoneSimulator.ActiveCfg = Release|Any CPU
		{FE8B081E-FAF5-47C5-A557-D4FFEC47BA10}.AppStore|iPhoneSimulator.Build.0 = Release|Any CPU
		{FE8B081E-FAF5-47C5-A557-D4FFEC47BA10}.AppStore|x64.ActiveCfg = Release|Any CPU
		{FE8B081E-FAF5-47C5-A557-D4FFEC47BA10}.AppStore|x64.Build.0 = Release|Any CPU
		{FE8B081E-FAF5-47C5-A557-D4FFEC47BA10}.AppStore|x86.ActiveCfg = Release|Any CPU
		{FE8B081E-FAF5-47C5-A557-D4FFEC47BA10}.AppStore|x86.Build.0 = Release|Any CPU
		{FE8B081E-FAF5-47C5-A557-D4FFEC47BA10}.Debug|Any CPU.ActiveCfg = Debug|Any CPU
		{FE8B081E-FAF5-47C5-A557-D4FFEC47BA10}.Debug|Any CPU.Build.0 = Debug|Any CPU
		{FE8B081E-FAF5-47C5-A557-D4FFEC47BA10}.Debug|ARM.ActiveCfg = Debug|Any CPU
		{FE8B081E-FAF5-47C5-A557-D4FFEC47BA10}.Debug|ARM.Build.0 = Debug|Any CPU
		{FE8B081E-FAF5-47C5-A557-D4FFEC47BA10}.Debug|iPhone.ActiveCfg = Debug|Any CPU
		{FE8B081E-FAF5-47C5-A557-D4FFEC47BA10}.Debug|iPhone.Build.0 = Debug|Any CPU
		{FE8B081E-FAF5-47C5-A557-D4FFEC47BA10}.Debug|iPhoneSimulator.ActiveCfg = Debug|Any CPU
		{FE8B081E-FAF5-47C5-A557-D4FFEC47BA10}.Debug|iPhoneSimulator.Build.0 = Debug|Any CPU
		{FE8B081E-FAF5-47C5-A557-D4FFEC47BA10}.Debug|x64.ActiveCfg = Debug|Any CPU
		{FE8B081E-FAF5-47C5-A557-D4FFEC47BA10}.Debug|x64.Build.0 = Debug|Any CPU
		{FE8B081E-FAF5-47C5-A557-D4FFEC47BA10}.Debug|x86.ActiveCfg = Debug|Any CPU
		{FE8B081E-FAF5-47C5-A557-D4FFEC47BA10}.Debug|x86.Build.0 = Debug|Any CPU
		{FE8B081E-FAF5-47C5-A557-D4FFEC47BA10}.Release|Any CPU.ActiveCfg = Release|Any CPU
		{FE8B081E-FAF5-47C5-A557-D4FFEC47BA10}.Release|Any CPU.Build.0 = Release|Any CPU
		{FE8B081E-FAF5-47C5-A557-D4FFEC47BA10}.Release|ARM.ActiveCfg = Release|Any CPU
		{FE8B081E-FAF5-47C5-A557-D4FFEC47BA10}.Release|ARM.Build.0 = Release|Any CPU
		{FE8B081E-FAF5-47C5-A557-D4FFEC47BA10}.Release|iPhone.ActiveCfg = Release|Any CPU
		{FE8B081E-FAF5-47C5-A557-D4FFEC47BA10}.Release|iPhone.Build.0 = Release|Any CPU
		{FE8B081E-FAF5-47C5-A557-D4FFEC47BA10}.Release|iPhoneSimulator.ActiveCfg = Release|Any CPU
		{FE8B081E-FAF5-47C5-A557-D4FFEC47BA10}.Release|iPhoneSimulator.Build.0 = Release|Any CPU
		{FE8B081E-FAF5-47C5-A557-D4FFEC47BA10}.Release|x64.ActiveCfg = Release|Any CPU
		{FE8B081E-FAF5-47C5-A557-D4FFEC47BA10}.Release|x64.Build.0 = Release|Any CPU
		{FE8B081E-FAF5-47C5-A557-D4FFEC47BA10}.Release|x86.ActiveCfg = Release|Any CPU
		{FE8B081E-FAF5-47C5-A557-D4FFEC47BA10}.Release|x86.Build.0 = Release|Any CPU
	EndGlobalSection
	GlobalSection(SolutionProperties) = preSolution
		HideSolutionNode = FALSE
	EndGlobalSection
	GlobalSection(NestedProjects) = preSolution
		{30C8A08E-1E91-44C3-8A9C-C8282AB8C13D} = {4C1FC5E7-7D86-4D4B-83EE-341FFB3FE9AF}
		{7E9E449D-5430-425E-ADD1-E9FCEA58FDDD} = {4C1FC5E7-7D86-4D4B-83EE-341FFB3FE9AF}
	EndGlobalSection
EndGlobal
